
Microsoft Visual Studio Solution File, Format Version 12.00
# Visual Studio 2017
Project("{FAE04EC0-301F-11D3-BF4B-00C04F79EFBC}") = "Sirtet Unity Game", "Sirtet Unity Game.csproj", "{DDD90329-B4A8-8E21-AA68-4A7866A4069A}"
EndProject
Project("{FAE04EC0-301F-11D3-BF4B-00C04F79EFBC}") = "Sirtet Unity Game.Plugins", "Sirtet Unity Game.Plugins.csproj", "{B0ECF8A7-FFE7-E98A-1DC5-DB9D3A4F943B}"
EndProject
Project("{FAE04EC0-301F-11D3-BF4B-00C04F79EFBC}") = "Sirtet Unity Game.Editor.Plugins", "Sirtet Unity Game.Editor.Plugins.csproj", "{B639C39F-EE1A-A550-D32C-078D1C13121A}"
EndProject
Global
	GlobalSection(SolutionConfigurationPlatforms) = preSolution
		Debug|Any CPU = Debug|Any CPU
		Release|Any CPU = Release|Any CPU
	EndGlobalSection
	GlobalSection(ProjectConfigurationPlatforms) = postSolution
		{DDD90329-B4A8-8E21-AA68-4A7866A4069A}.Debug|Any CPU.ActiveCfg = Debug|Any CPU
		{DDD90329-B4A8-8E21-AA68-4A7866A4069A}.Debug|Any CPU.Build.0 = Debug|Any CPU
		{DDD90329-B4A8-8E21-AA68-4A7866A4069A}.Release|Any CPU.ActiveCfg = Release|Any CPU
		{DDD90329-B4A8-8E21-AA68-4A7866A4069A}.Release|Any CPU.Build.0 = Release|Any CPU
		{B0ECF8A7-FFE7-E98A-1DC5-DB9D3A4F943B}.Debug|Any CPU.ActiveCfg = Debug|Any CPU
		{B0ECF8A7-FFE7-E98A-1DC5-DB9D3A4F943B}.Debug|Any CPU.Build.0 = Debug|Any CPU
		{B0ECF8A7-FFE7-E98A-1DC5-DB9D3A4F943B}.Release|Any CPU.ActiveCfg = Release|Any CPU
		{B0ECF8A7-FFE7-E98A-1DC5-DB9D3A4F943B}.Release|Any CPU.Build.0 = Release|Any CPU
		{B639C39F-EE1A-A550-D32C-078D1C13121A}.Debug|Any CPU.ActiveCfg = Debug|Any CPU
		{B639C39F-EE1A-A550-D32C-078D1C13121A}.Debug|Any CPU.Build.0 = Debug|Any CPU
		{B639C39F-EE1A-A550-D32C-078D1C13121A}.Release|Any CPU.ActiveCfg = Release|Any CPU
		{B639C39F-EE1A-A550-D32C-078D1C13121A}.Release|Any CPU.Build.0 = Release|Any CPU
	EndGlobalSection
	GlobalSection(SolutionProperties) = preSolution
		HideSolutionNode = FALSE
	EndGlobalSection
EndGlobal
